
Microsoft Visual Studio Solution File, Format Version 12.00
# Visual Studio 2013
VisualStudioVersion = 12.0.30110.0
MinimumVisualStudioVersion = 10.0.40219.1
Project("{FAE04EC0-301F-11D3-BF4B-00C04F79EFBC}") = "VGC_v1.0", "VGC_v1.0\VGC_v1.0.csproj", "{876FE2D3-BDED-4E9B-BE43-A0692CE0462E}"
EndProject
Global
	GlobalSection(SolutionConfigurationPlatforms) = preSolution
		Debug|Any CPU = Debug|Any CPU
		Release|Any CPU = Release|Any CPU
	EndGlobalSection
	GlobalSection(ProjectConfigurationPlatforms) = postSolution
		{876FE2D3-BDED-4E9B-BE43-A0692CE0462E}.Debug|Any CPU.ActiveCfg = Debug|Any CPU
		{876FE2D3-BDED-4E9B-BE43-A0692CE0462E}.Debug|Any CPU.Build.0 = Debug|Any CPU
		{876FE2D3-BDED-4E9B-BE43-A0692CE0462E}.Release|Any CPU.ActiveCfg = Release|Any CPU
		{876FE2D3-BDED-4E9B-BE43-A0692CE0462E}.Release|Any CPU.Build.0 = Release|Any CPU
	EndGlobalSection
	GlobalSection(SolutionProperties) = preSolution
		HideSolutionNode = FALSE
	EndGlobalSection
EndGlobal
